<?xml version="1.0" encoding="utf-8"?>
<Project ToolsVersion="4.0" xmlns="http://schemas.microsoft.com/developer/msbuild/2003">
  <ItemGroup>
    <Filter Include="Source Files">
      <UniqueIdentifier>{4FC737F1-C7A5-4376-A066-2A32D752A2FF}</UniqueIdentifier>
      <Extensions>cpp;c;cc;cxx;def;odl;idl;hpj;bat;asm;asmx</Extensions>
    </Filter>
    <Filter Include="Header Files">
      <UniqueIdentifier>{93995380-89BD-4b04-88EB-625FBE52EBFB}</UniqueIdentifier>
      <Extensions>h;hh;hpp;hxx;hm;inl;inc;ipp;xsd</Extensions>
    </Filter>
    <Filter Include="Resource Files">
      <UniqueIdentifier>{67DA6AB6-F800-4c08-8B7A-83BB121AAD01}</UniqueIdentifier>
      <Extensions>rc;ico;cur;bmp;dlg;rc2;rct;bin;rgs;gif;jpg;jpeg;jpe;resx;tiff;tif;png;wav;mfcribbon-ms</Extensions>
    </Filter>
    <Filter Include="Common">
      <UniqueIdentifier>{dcbb8536-cac4-48e1-b02a-e5d7c4ed3262}</UniqueIdentifier>
    </Filter>
    <Filter Include="Common\Header Files">
      <UniqueIdentifier>{660b01b4-ff9a-40e8-a82b-8b385de7de5c}</UniqueIdentifier>
    </Filter>
    <Filter Include="Common\Source Files">
      <UniqueIdentifier>{b0603418-3c19-46bf-a607-46d653b458a8}</UniqueIdentifier>
    </Filter>
    <Filter Include="Shaders">
      <UniqueIdentifier>{16702f4c-93ef-432c-8470-128f6370b0ef}</UniqueIdentifier>
    </Filter>
    <Filter Include="XUSG">
      <UniqueIdentifier>{af2acd6b-31bf-42e6-b4d0-72116efcc914}</UniqueIdentifier>
    </Filter>
    <Filter Include="XUSG\Core">
      <UniqueIdentifier>{57a45a80-fca4-4af7-8201-35b3ba920d1d}</UniqueIdentifier>
    </Filter>
    <Filter Include="XUSG\Advanced">
      <UniqueIdentifier>{0d65d36c-b060-43db-a244-4a0a69db16aa}</UniqueIdentifier>
    </Filter>
    <Filter Include="XUSG\Core\Source Files">
      <UniqueIdentifier>{efb85324-3977-43e4-8e7a-0853ebff814a}</UniqueIdentifier>
    </Filter>
    <Filter Include="XUSG\Core\Header Files">
      <UniqueIdentifier>{df1558c4-4dc7-4190-9508-4034bfd79475}</UniqueIdentifier>
    </Filter>
    <Filter Include="XUSG\Advanced\Header Files">
      <UniqueIdentifier>{987651c2-fb1e-4576-94fe-fabdc23d09d5}</UniqueIdentifier>
    </Filter>
    <Filter Include="XUSG\Advanced\Source Files">
      <UniqueIdentifier>{09acbe24-03b1-4e2e-af2a-8e29e5018b7b}</UniqueIdentifier>
    </Filter>
    <Filter Include="XUSG\Core\Inc">
      <UniqueIdentifier>{99189be3-54e9-497f-9c45-4ddfea69de2e}</UniqueIdentifier>
    </Filter>
    <Filter Include="XUSG\Shaders">
      <UniqueIdentifier>{a7e87b53-c6f7-4e4f-be00-ed8d3e071330}</UniqueIdentifier>
    </Filter>
  </ItemGroup>
  <ItemGroup>
    <ClInclude Include="Common\d3dx12.h">
      <Filter>Common\Header Files</Filter>
    </ClInclude>
    <ClInclude Include="Common\DXFramework.h">
      <Filter>Common\Header Files</Filter>
    </ClInclude>
    <ClInclude Include="Common\DXFrameworkHelper.h">
      <Filter>Common\Header Files</Filter>
    </ClInclude>
    <ClInclude Include="Common\Win32Application.h">
      <Filter>Common\Header Files</Filter>
    </ClInclude>
    <ClInclude Include="XUSG\Core\XUSGDescriptor.h">
      <Filter>XUSG\Core\Header Files</Filter>
    </ClInclude>
    <ClInclude Include="XUSG\Core\XUSGGraphicsState.h">
      <Filter>XUSG\Core\Header Files</Filter>
    </ClInclude>
    <ClInclude Include="XUSG\Core\XUSGInputLayout.h">
      <Filter>XUSG\Core\Header Files</Filter>
    </ClInclude>
    <ClInclude Include="XUSG\Core\XUSGPipelineLayout.h">
      <Filter>XUSG\Core\Header Files</Filter>
    </ClInclude>
    <ClInclude Include="XUSG\Core\XUSGResource.h">
      <Filter>XUSG\Core\Header Files</Filter>
    </ClInclude>
    <ClInclude Include="XUSG\Core\XUSGShader.h">
      <Filter>XUSG\Core\Header Files</Filter>
    </ClInclude>
    <ClInclude Include="XUSG\Core\XUSGType.h">
      <Filter>XUSG\Core\Header Files</Filter>
    </ClInclude>
    <ClInclude Include="stdafx.h">
      <Filter>Header Files</Filter>
    </ClInclude>
    <ClInclude Include="CharacterX.h">
      <Filter>Header Files</Filter>
    </ClInclude>
    <ClInclude Include="XUSG\Advanced\XUSGSDKMesh.h">
      <Filter>XUSG\Advanced\Header Files</Filter>
    </ClInclude>
    <ClInclude Include="XUSG\Advanced\XUSGModel.h">
      <Filter>XUSG\Advanced\Header Files</Filter>
    </ClInclude>
    <ClInclude Include="XUSG\Advanced\XUSGShaderCommon.h">
      <Filter>XUSG\Advanced\Header Files</Filter>
    </ClInclude>
    <ClInclude Include="XUSG\Advanced\XUSGCharacter.h">
      <Filter>XUSG\Advanced\Header Files</Filter>
    </ClInclude>
    <ClInclude Include="XUSG\Advanced\XUSGSharedConst.h">
      <Filter>XUSG\Advanced\Header Files</Filter>
    </ClInclude>
    <ClInclude Include="XUSG\Advanced\XUSGDDSLoader.h">
      <Filter>XUSG\Advanced\Header Files</Filter>
    </ClInclude>
    <ClInclude Include="Common\dds.h">
      <Filter>Common\Header Files</Filter>
    </ClInclude>
  </ItemGroup>
  <ItemGroup>
    <ClCompile Include="Common\DXFramework.cpp">
      <Filter>Common\Source Files</Filter>
    </ClCompile>
    <ClCompile Include="Common\Win32Application.cpp">
      <Filter>Common\Source Files</Filter>
    </ClCompile>
    <ClCompile Include="XUSG\Core\XUSGDescriptor.cpp">
      <Filter>XUSG\Core\Source Files</Filter>
    </ClCompile>
    <ClCompile Include="XUSG\Core\XUSGGraphicsState.cpp">
      <Filter>XUSG\Core\Source Files</Filter>
    </ClCompile>
    <ClCompile Include="XUSG\Core\XUSGInputLayout.cpp">
      <Filter>XUSG\Core\Source Files</Filter>
    </ClCompile>
    <ClCompile Include="XUSG\Core\XUSGPipelineLayout.cpp">
      <Filter>XUSG\Core\Source Files</Filter>
    </ClCompile>
    <ClCompile Include="XUSG\Core\XUSGResource.cpp">
      <Filter>XUSG\Core\Source Files</Filter>
    </ClCompile>
    <ClCompile Include="XUSG\Core\XUSGShader.cpp">
      <Filter>XUSG\Core\Source Files</Filter>
    </ClCompile>
    <ClCompile Include="Main.cpp">
      <Filter>Source Files</Filter>
    </ClCompile>
    <ClCompile Include="stdafx.cpp">
      <Filter>Source Files</Filter>
    </ClCompile>
    <ClCompile Include="CharacterX.cpp">
      <Filter>Source Files</Filter>
    </ClCompile>
    <ClCompile Include="XUSG\Advanced\XUSGSDKMesh.cpp">
      <Filter>XUSG\Advanced\Source Files</Filter>
    </ClCompile>
    <ClCompile Include="XUSG\Advanced\XUSGModel.cpp">
      <Filter>XUSG\Advanced\Source Files</Filter>
    </ClCompile>
    <ClCompile Include="XUSG\Advanced\XUSGCharacter.cpp">
      <Filter>XUSG\Advanced\Source Files</Filter>
    </ClCompile>
    <ClCompile Include="XUSG\Advanced\XUSGDDSLoader.cpp">
      <Filter>XUSG\Advanced\Source Files</Filter>
    </ClCompile>
  </ItemGroup>
  <ItemGroup>
    <None Include="XUSG\Core\XUSGBlend.inl">
      <Filter>XUSG\Core\Inc</Filter>
    </None>
    <None Include="XUSG\Core\XUSGDepthStencil.inl">
      <Filter>XUSG\Core\Inc</Filter>
    </None>
    <None Include="XUSG\Core\XUSGRasterizer.inl">
      <Filter>XUSG\Core\Inc</Filter>
    </None>
    <None Include="XUSG\Core\XUSGSampler.inl">
      <Filter>XUSG\Core\Inc</Filter>
    </None>
    <None Include="XUSG\Shaders\CSSkinning.hlsli">
      <Filter>XUSG\Shaders</Filter>
    </None>
    <None Include="XUSG\Shaders\VSBasePass.hlsli">
      <Filter>XUSG\Shaders</Filter>
    </None>
    <None Include="XUSG\Shaders\SHCommon.hlsli">
      <Filter>XUSG\Shaders</Filter>
    </None>
    <None Include="XUSG\Shaders\VHBasePass.hlsli">
      <Filter>XUSG\Shaders</Filter>
    </None>
  </ItemGroup>
  <ItemGroup>
    <FxCompile Include="XUSG\Shaders\CSSkinning.hlsl">
      <Filter>XUSG\Shaders</Filter>
    </FxCompile>
    <FxCompile Include="Content\Shaders\VSBasePass.hlsl">
      <Filter>Shaders</Filter>
    </FxCompile>
    <FxCompile Include="Content\Shaders\PSBasePass.hlsl">
      <Filter>Shaders</Filter>
    </FxCompile>
  </ItemGroup>
</Project>